// !$*UTF8*$!
{
	archiveVersion = 1;
	classes = {
	};
	objectVersion = 56;
	objects = {

/* Begin PBXBuildFile section */
		E8DA89C02C0815DF00BB812B /* AppDelegate.swift in Sources */ = {isa = PBXBuildFile; fileRef = E8DA89BF2C0815DF00BB812B /* AppDelegate.swift */; };
		E8DA89C22C0815DF00BB812B /* SceneDelegate.swift in Sources */ = {isa = PBXBuildFile; fileRef = E8DA89C12C0815DF00BB812B /* SceneDelegate.swift */; };
		E8DA89C42C0815DF00BB812B /* ViewController.swift in Sources */ = {isa = PBXBuildFile; fileRef = E8DA89C32C0815DF00BB812B /* ViewController.swift */; };
		E8DA89C72C0815DF00BB812B /* Base in Resources */ = {isa = PBXBuildFile; fileRef = E8DA89C62C0815DF00BB812B /* Base */; };
		E8DA89C92C0815E000BB812B /* Assets.xcassets in Resources */ = {isa = PBXBuildFile; fileRef = E8DA89C82C0815E000BB812B /* Assets.xcassets */; };
		E8DA89CC2C0815E000BB812B /* Base in Resources */ = {isa = PBXBuildFile; fileRef = E8DA89CB2C0815E000BB812B /* Base */; };
		E8DA89D72C0815E100BB812B /* AlertTests.swift in Sources */ = {isa = PBXBuildFile; fileRef = E8DA89D62C0815E100BB812B /* AlertTests.swift */; };
		E8DA89E12C0815E100BB812B /* AlertUITests.swift in Sources */ = {isa = PBXBuildFile; fileRef = E8DA89E02C0815E100BB812B /* AlertUITests.swift */; };
		E8DA89E32C0815E100BB812B /* AlertUITestsLaunchTests.swift in Sources */ = {isa = PBXBuildFile; fileRef = E8DA89E22C0815E100BB812B /* AlertUITestsLaunchTests.swift */; };
		E8DA89F12C08162600BB812B /* lamp_off 복사본.png in Resources */ = {isa = PBXBuildFile; fileRef = E8DA89EF2C08162600BB812B /* lamp_off 복사본.png */; };
		E8DA89F22C08162600BB812B /* lamp_on 복사본.png in Resources */ = {isa = PBXBuildFile; fileRef = E8DA89F02C08162600BB812B /* lamp_on 복사본.png */; };
		E8DA8A302C0D71EB00BB812B /* ViewController.swift in Sources */ = {isa = PBXBuildFile; fileRef = E8DA8A2F2C0D71EB00BB812B /* ViewController.swift */; };
/* End PBXBuildFile section */

/* Begin PBXContainerItemProxy section */
		E8DA89D32C0815E100BB812B /* PBXContainerItemProxy */ = {
			isa = PBXContainerItemProxy;
			containerPortal = E8DA89B42C0815DF00BB812B /* Project object */;
			proxyType = 1;
			remoteGlobalIDString = E8DA89BB2C0815DF00BB812B;
			remoteInfo = Alert;
		};
		E8DA89DD2C0815E100BB812B /* PBXContainerItemProxy */ = {
			isa = PBXContainerItemProxy;
			containerPortal = E8DA89B42C0815DF00BB812B /* Project object */;
			proxyType = 1;
			remoteGlobalIDString = E8DA89BB2C0815DF00BB812B;
			remoteInfo = Alert;
		};
/* End PBXContainerItemProxy section */

/* Begin PBXFileReference section */
		E8DA89BC2C0815DF00BB812B /* Alert.app */ = {isa = PBXFileReference; explicitFileType = wrapper.application; includeInIndex = 0; path = Alert.app; sourceTree = BUILT_PRODUCTS_DIR; };
		E8DA89BF2C0815DF00BB812B /* AppDelegate.swift */ = {isa = PBXFileReference; lastKnownFileType = sourcecode.swift; path = AppDelegate.swift; sourceTree = "<group>"; };
		E8DA89C12C0815DF00BB812B /* SceneDelegate.swift */ = {isa = PBXFileReference; lastKnownFileType = sourcecode.swift; path = SceneDelegate.swift; sourceTree = "<group>"; };
		E8DA89C32C0815DF00BB812B /* ViewController.swift */ = {isa = PBXFileReference; lastKnownFileType = sourcecode.swift; path = ViewController.swift; sourceTree = "<group>"; };
		E8DA89C62C0815DF00BB812B /* Base */ = {isa = PBXFileReference; lastKnownFileType = file.storyboard; name = Base; path = Base.lproj/Main.storyboard; sourceTree = "<group>"; };
		E8DA89C82C0815E000BB812B /* Assets.xcassets */ = {isa = PBXFileReference; lastKnownFileType = folder.assetcatalog; path = Assets.xcassets; sourceTree = "<group>"; };
		E8DA89CB2C0815E000BB812B /* Base */ = {isa = PBXFileReference; lastKnownFileType = file.storyboard; name = Base; path = Base.lproj/LaunchScreen.storyboard; sourceTree = "<group>"; };
		E8DA89CD2C0815E000BB812B /* Info.plist */ = {isa = PBXFileReference; lastKnownFileType = text.plist.xml; path = Info.plist; sourceTree = "<group>"; };
		E8DA89D22C0815E100BB812B /* AlertTests.xctest */ = {isa = PBXFileReference; explicitFileType = wrapper.cfbundle; includeInIndex = 0; path = AlertTests.xctest; sourceTree = BUILT_PRODUCTS_DIR; };
		E8DA89D62C0815E100BB812B /* AlertTests.swift */ = {isa = PBXFileReference; lastKnownFileType = sourcecode.swift; path = AlertTests.swift; sourceTree = "<group>"; };
		E8DA89DC2C0815E100BB812B /* AlertUITests.xctest */ = {isa = PBXFileReference; explicitFileType = wrapper.cfbundle; includeInIndex = 0; path = AlertUITests.xctest; sourceTree = BUILT_PRODUCTS_DIR; };
		E8DA89E02C0815E100BB812B /* AlertUITests.swift */ = {isa = PBXFileReference; lastKnownFileType = sourcecode.swift; path = AlertUITests.swift; sourceTree = "<group>"; };
		E8DA89E22C0815E100BB812B /* AlertUITestsLaunchTests.swift */ = {isa = PBXFileReference; lastKnownFileType = sourcecode.swift; path = AlertUITestsLaunchTests.swift; sourceTree = "<group>"; };
		E8DA89EF2C08162600BB812B /* lamp_off 복사본.png */ = {isa = PBXFileReference; lastKnownFileType = image.png; path = "lamp_off 복사본.png"; sourceTree = "<group>"; };
		E8DA89F02C08162600BB812B /* lamp_on 복사본.png */ = {isa = PBXFileReference; lastKnownFileType = image.png; path = "lamp_on 복사본.png"; sourceTree = "<group>"; };
		E8DA8A2F2C0D71EB00BB812B /* ViewController.swift */ = {isa = PBXFileReference; fileEncoding = 4; lastKnownFileType = sourcecode.swift; name = ViewController.swift; path = ../../../Downloads/ViewController.swift; sourceTree = "<group>"; };
/* End PBXFileReference section */

/* Begin PBXFrameworksBuildPhase section */
		E8DA89B92C0815DF00BB812B /* Frameworks */ = {
			isa = PBXFrameworksBuildPhase;
			buildActionMask = 2147483647;
			files = (
			);
			runOnlyForDeploymentPostprocessing = 0;
		};
		E8DA89CF2C0815E100BB812B /* Frameworks */ = {
			isa = PBXFrameworksBuildPhase;
			buildActionMask = 2147483647;
			files = (
			);
			runOnlyForDeploymentPostprocessing = 0;
		};
		E8DA89D92C0815E100BB812B /* Frameworks */ = {
			isa = PBXFrameworksBuildPhase;
			buildActionMask = 2147483647;
			files = (
			);
			runOnlyForDeploymentPostprocessing = 0;
		};
/* End PBXFrameworksBuildPhase section */

/* Begin PBXGroup section */
		E8DA89B32C0815DF00BB812B = {
			isa = PBXGroup;
			children = (
				E8DA8A2F2C0D71EB00BB812B /* ViewController.swift */,
				E8DA89BE2C0815DF00BB812B /* Alert */,
				E8DA89D52C0815E100BB812B /* AlertTests */,
				E8DA89DF2C0815E100BB812B /* AlertUITests */,
				E8DA89BD2C0815DF00BB812B /* Products */,
			);
			sourceTree = "<group>";
		};
		E8DA89BD2C0815DF00BB812B /* Products */ = {
			isa = PBXGroup;
			children = (
				E8DA89BC2C0815DF00BB812B /* Alert.app */,
				E8DA89D22C0815E100BB812B /* AlertTests.xctest */,
				E8DA89DC2C0815E100BB812B /* AlertUITests.xctest */,
			);
			name = Products;
			sourceTree = "<group>";
		};
		E8DA89BE2C0815DF00BB812B /* Alert */ = {
			isa = PBXGroup;
			children = (
				E8DA89EF2C08162600BB812B /* lamp_off 복사본.png */,
				E8DA89F02C08162600BB812B /* lamp_on 복사본.png */,
				E8DA89BF2C0815DF00BB812B /* AppDelegate.swift */,
				E8DA89C12C0815DF00BB812B /* SceneDelegate.swift */,
				E8DA89C32C0815DF00BB812B /* ViewController.swift */,
				E8DA89C52C0815DF00BB812B /* Main.storyboard */,
				E8DA89C82C0815E000BB812B /* Assets.xcassets */,
				E8DA89CA2C0815E000BB812B /* LaunchScreen.storyboard */,
				E8DA89CD2C0815E000BB812B /* Info.plist */,
			);
			path = Alert;
			sourceTree = "<group>";
		};
		E8DA89D52C0815E100BB812B /* AlertTests */ = {
			isa = PBXGroup;
			children = (
				E8DA89D62C0815E100BB812B /* AlertTests.swift */,
			);
			path = AlertTests;
			sourceTree = "<group>";
		};
		E8DA89DF2C0815E100BB812B /* AlertUITests */ = {
			isa = PBXGroup;
			children = (
				E8DA89E02C0815E100BB812B /* AlertUITests.swift */,
				E8DA89E22C0815E100BB812B /* AlertUITestsLaunchTests.swift */,
			);
			path = AlertUITests;
			sourceTree = "<group>";
		};
/* End PBXGroup section */

/* Begin PBXNativeTarget section */
		E8DA89BB2C0815DF00BB812B /* Alert */ = {
			isa = PBXNativeTarget;
			buildConfigurationList = E8DA89E62C0815E100BB812B /* Build configuration list for PBXNativeTarget "Alert" */;
			buildPhases = (
				E8DA89B82C0815DF00BB812B /* Sources */,
				E8DA89B92C0815DF00BB812B /* Frameworks */,
				E8DA89BA2C0815DF00BB812B /* Resources */,
			);
			buildRules = (
			);
			dependencies = (
			);
			name = Alert;
			productName = Alert;
			productReference = E8DA89BC2C0815DF00BB812B /* Alert.app */;
			productType = "com.apple.product-type.application";
		};
		E8DA89D12C0815E100BB812B /* AlertTests */ = {
			isa = PBXNativeTarget;
			buildConfigurationList = E8DA89E92C0815E100BB812B /* Build configuration list for PBXNativeTarget "AlertTests" */;
			buildPhases = (
				E8DA89CE2C0815E100BB812B /* Sources */,
				E8DA89CF2C0815E100BB812B /* Frameworks */,
				E8DA89D02C0815E100BB812B /* Resources */,
			);
			buildRules = (
			);
			dependencies = (
				E8DA89D42C0815E100BB812B /* PBXTargetDependency */,
			);
			name = AlertTests;
			productName = AlertTests;
			productReference = E8DA89D22C0815E100BB812B /* AlertTests.xctest */;
			productType = "com.apple.product-type.bundle.unit-test";
		};
		E8DA89DB2C0815E100BB812B /* AlertUITests */ = {
			isa = PBXNativeTarget;
			buildConfigurationList = E8DA89EC2C0815E100BB812B /* Build configuration list for PBXNativeTarget "AlertUITests" */;
			buildPhases = (
				E8DA89D82C0815E100BB812B /* Sources */,
				E8DA89D92C0815E100BB812B /* Frameworks */,
				E8DA89DA2C0815E100BB812B /* Resources */,
			);
			buildRules = (
			);
			dependencies = (
				E8DA89DE2C0815E100BB812B /* PBXTargetDependency */,
			);
			name = AlertUITests;
			productName = AlertUITests;
			productReference = E8DA89DC2C0815E100BB812B /* AlertUITests.xctest */;
			productType = "com.apple.product-type.bundle.ui-testing";
		};
/* End PBXNativeTarget section */

/* Begin PBXProject section */
		E8DA89B42C0815DF00BB812B /* Project object */ = {
			isa = PBXProject;
			attributes = {
				BuildIndependentTargetsInParallel = 1;
				LastSwiftUpdateCheck = 1530;
				LastUpgradeCheck = 1530;
				TargetAttributes = {
					E8DA89BB2C0815DF00BB812B = {
						CreatedOnToolsVersion = 15.3;
					};
					E8DA89D12C0815E100BB812B = {
						CreatedOnToolsVersion = 15.3;
						TestTargetID = E8DA89BB2C0815DF00BB812B;
					};
					E8DA89DB2C0815E100BB812B = {
						CreatedOnToolsVersion = 15.3;
						TestTargetID = E8DA89BB2C0815DF00BB812B;
					};
				};
			};
			buildConfigurationList = E8DA89B72C0815DF00BB812B /* Build configuration list for PBXProject "Alert" */;
			compatibilityVersion = "Xcode 14.0";
			developmentRegion = en;
			hasScannedForEncodings = 0;
			knownRegions = (
				en,
				Base,
			);
			mainGroup = E8DA89B32C0815DF00BB812B;
			productRefGroup = E8DA89BD2C0815DF00BB812B /* Products */;
			projectDirPath = "";
			projectRoot = "";
			targets = (
				E8DA89BB2C0815DF00BB812B /* Alert */,
				E8DA89D12C0815E100BB812B /* AlertTests */,
				E8DA89DB2C0815E100BB812B /* AlertUITests */,
			);
		};
/* End PBXProject section */

/* Begin PBXResourcesBuildPhase section */
		E8DA89BA2C0815DF00BB812B /* Resources */ = {
			isa = PBXResourcesBuildPhase;
			buildActionMask = 2147483647;
			files = (
				E8DA89C92C0815E000BB812B /* Assets.xcassets in Resources */,
				E8DA89F12C08162600BB812B /* lamp_off 복사본.png in Resources */,
				E8DA89CC2C0815E000BB812B /* Base in Resources */,
				E8DA89C72C0815DF00BB812B /* Base in Resources */,
				E8DA89F22C08162600BB812B /* lamp_on 복사본.png in Resources */,
			);
			runOnlyForDeploymentPostprocessing = 0;
		};
		E8DA89D02C0815E100BB812B /* Resources */ = {
			isa = PBXResourcesBuildPhase;
			buildActionMask = 2147483647;
			files = (
			);
			runOnlyForDeploymentPostprocessing = 0;
		};
		E8DA89DA2C0815E100BB812B /* Resources */ = {
			isa = PBXResourcesBuildPhase;
			buildActionMask = 2147483647;
			files = (
			);
			runOnlyForDeploymentPostprocessing = 0;
		};
/* End PBXResourcesBuildPhase section */

/* Begin PBXSourcesBuildPhase section */
		E8DA89B82C0815DF00BB812B /* Sources */ = {
			isa = PBXSourcesBuildPhase;
			buildActionMask = 2147483647;
			files = (
				E8DA89C42C0815DF00BB812B /* ViewController.swift in Sources */,
				E8DA89C02C0815DF00BB812B /* AppDelegate.swift in Sources */,
				E8DA8A302C0D71EB00BB812B /* ViewController.swift in Sources */,
				E8DA89C22C0815DF00BB812B /* SceneDelegate.swift in Sources */,
			);
			runOnlyForDeploymentPostprocessing = 0;
		};
		E8DA89CE2C0815E100BB812B /* Sources */ = {
			isa = PBXSourcesBuildPhase;
			buildActionMask = 2147483647;
			files = (
				E8DA89D72C0815E100BB812B /* AlertTests.swift in Sources */,
			);
			runOnlyForDeploymentPostprocessing = 0;
		};
		E8DA89D82C0815E100BB812B /* Sources */ = {
			isa = PBXSourcesBuildPhase;
			buildActionMask = 2147483647;
			files = (
				E8DA89E12C0815E100BB812B /* AlertUITests.swift in Sources */,
				E8DA89E32C0815E100BB812B /* AlertUITestsLaunchTests.swift in Sources */,
			);
			runOnlyForDeploymentPostprocessing = 0;
		};
/* End PBXSourcesBuildPhase section */

/* Begin PBXTargetDependency section */
		E8DA89D42C0815E100BB812B /* PBXTargetDependency */ = {
			isa = PBXTargetDependency;
			target = E8DA89BB2C0815DF00BB812B /* Alert */;
			targetProxy = E8DA89D32C0815E100BB812B /* PBXContainerItemProxy */;
		};
		E8DA89DE2C0815E100BB812B /* PBXTargetDependency */ = {
			isa = PBXTargetDependency;
			target = E8DA89BB2C0815DF00BB812B /* Alert */;
			targetProxy = E8DA89DD2C0815E100BB812B /* PBXContainerItemProxy */;
		};
/* End PBXTargetDependency section */

/* Begin PBXVariantGroup section */
		E8DA89C52C0815DF00BB812B /* Main.storyboard */ = {
			isa = PBXVariantGroup;
			children = (
				E8DA89C62C0815DF00BB812B /* Base */,
			);
			name = Main.storyboard;
			sourceTree = "<group>";
		};
		E8DA89CA2C0815E000BB812B /* LaunchScreen.storyboard */ = {
			isa = PBXVariantGroup;
			children = (
				E8DA89CB2C0815E000BB812B /* Base */,
			);
			name = LaunchScreen.storyboard;
			sourceTree = "<group>";
		};
/* End PBXVariantGroup section */

/* Begin XCBuildConfiguration section */
		E8DA89E42C0815E100BB812B /* Debug */ = {
			isa = XCBuildConfiguration;
			buildSettings = {
				ALWAYS_SEARCH_USER_PATHS = NO;
				ASSETCATALOG_COMPILER_GENERATE_SWIFT_ASSET_SYMBOL_EXTENSIONS = YES;
				CLANG_ANALYZER_NONNULL = YES;
				CLANG_ANALYZER_NUMBER_OBJECT_CONVERSION = YES_AGGRESSIVE;
				CLANG_CXX_LANGUAGE_STANDARD = "gnu++20";
				CLANG_ENABLE_MODULES = YES;
				CLANG_ENABLE_OBJC_ARC = YES;
				CLANG_ENABLE_OBJC_WEAK = YES;
				CLANG_WARN_BLOCK_CAPTURE_AUTORELEASING = YES;
				CLANG_WARN_BOOL_CONVERSION = YES;
				CLANG_WARN_COMMA = YES;
				CLANG_WARN_CONSTANT_CONVERSION = YES;
				CLANG_WARN_DEPRECATED_OBJC_IMPLEMENTATIONS = YES;
				CLANG_WARN_DIRECT_OBJC_ISA_USAGE = YES_ERROR;
				CLANG_WARN_DOCUMENTATION_COMMENTS = YES;
				CLANG_WARN_EMPTY_BODY = YES;
				CLANG_WARN_ENUM_CONVERSION = YES;
				CLANG_WARN_INFINITE_RECURSION = YES;
				CLANG_WARN_INT_CONVERSION = YES;
				CLANG_WARN_NON_LITERAL_NULL_CONVERSION = YES;
				CLANG_WARN_OBJC_IMPLICIT_RETAIN_SELF = YES;
				CLANG_WARN_OBJC_LITERAL_CONVERSION = YES;
				CLANG_WARN_OBJC_ROOT_CLASS = YES_ERROR;
				CLANG_WARN_QUOTED_INCLUDE_IN_FRAMEWORK_HEADER = YES;
				CLANG_WARN_RANGE_LOOP_ANALYSIS = YES;
				CLANG_WARN_STRICT_PROTOTYPES = YES;
				CLANG_WARN_SUSPICIOUS_MOVE = YES;
				CLANG_WARN_UNGUARDED_AVAILABILITY = YES_AGGRESSIVE;
				CLANG_WARN_UNREACHABLE_CODE = YES;
				CLANG_WARN__DUPLICATE_METHOD_MATCH = YES;
				COPY_PHASE_STRIP = NO;
				DEBUG_INFORMATION_FORMAT = dwarf;
				ENABLE_STRICT_OBJC_MSGSEND = YES;
				ENABLE_TESTABILITY = YES;
				ENABLE_USER_SCRIPT_SANDBOXING = YES;
				GCC_C_LANGUAGE_STANDARD = gnu17;
				GCC_DYNAMIC_NO_PIC = NO;
				GCC_NO_COMMON_BLOCKS = YES;
				GCC_OPTIMIZATION_LEVEL = 0;
				GCC_PREPROCESSOR_DEFINITIONS = (
					"DEBUG=1",
					"$(inherited)",
				);
				GCC_WARN_64_TO_32_BIT_CONVERSION = YES;
				GCC_WARN_ABOUT_RETURN_TYPE = YES_ERROR;
				GCC_WARN_UNDECLARED_SELECTOR = YES;
				GCC_WARN_UNINITIALIZED_AUTOS = YES_AGGRESSIVE;
				GCC_WARN_UNUSED_FUNCTION = YES;
				GCC_WARN_UNUSED_VARIABLE = YES;
				IPHONEOS_DEPLOYMENT_TARGET = 17.4;
				LOCALIZATION_PREFERS_STRING_CATALOGS = YES;
				MTL_ENABLE_DEBUG_INFO = INCLUDE_SOURCE;
				MTL_FAST_MATH = YES;
				ONLY_ACTIVE_ARCH = YES;
				SDKROOT = iphoneos;
				SWIFT_ACTIVE_COMPILATION_CONDITIONS = "DEBUG $(inherited)";
				SWIFT_OPTIMIZATION_LEVEL = "-Onone";
			};
			name = Debug;
		};
		E8DA89E52C0815E100BB812B /* Release */ = {
			isa = XCBuildConfiguration;
			buildSettings = {
				ALWAYS_SEARCH_USER_PATHS = NO;
				ASSETCATALOG_COMPILER_GENERATE_SWIFT_ASSET_SYMBOL_EXTENSIONS = YES;
				CLANG_ANALYZER_NONNULL = YES;
				CLANG_ANALYZER_NUMBER_OBJECT_CONVERSION = YES_AGGRESSIVE;
				CLANG_CXX_LANGUAGE_STANDARD = "gnu++20";
				CLANG_ENABLE_MODULES = YES;
				CLANG_ENABLE_OBJC_ARC = YES;
				CLANG_ENABLE_OBJC_WEAK = YES;
				CLANG_WARN_BLOCK_CAPTURE_AUTORELEASING = YES;
				CLANG_WARN_BOOL_CONVERSION = YES;
				CLANG_WARN_COMMA = YES;
				CLANG_WARN_CONSTANT_CONVERSION = YES;
				CLANG_WARN_DEPRECATED_OBJC_IMPLEMENTATIONS = YES;
				CLANG_WARN_DIRECT_OBJC_ISA_USAGE = YES_ERROR;
				CLANG_WARN_DOCUMENTATION_COMMENTS = YES;
				CLANG_WARN_EMPTY_BODY = YES;
				CLANG_WARN_ENUM_CONVERSION = YES;
				CLANG_WARN_INFINITE_RECURSION = YES;
				CLANG_WARN_INT_CONVERSION = YES;
				CLANG_WARN_NON_LITERAL_NULL_CONVERSION = YES;
				CLANG_WARN_OBJC_IMPLICIT_RETAIN_SELF = YES;
				CLANG_WARN_OBJC_LITERAL_CONVERSION = YES;
				CLANG_WARN_OBJC_ROOT_CLASS = YES_ERROR;
				CLANG_WARN_QUOTED_INCLUDE_IN_FRAMEWORK_HEADER = YES;
				CLANG_WARN_RANGE_LOOP_ANALYSIS = YES;
				CLANG_WARN_STRICT_PROTOTYPES = YES;
				CLANG_WARN_SUSPICIOUS_MOVE = YES;
				CLANG_WARN_UNGUARDED_AVAILABILITY = YES_AGGRESSIVE;
				CLANG_WARN_UNREACHABLE_CODE = YES;
				CLANG_WARN__DUPLICATE_METHOD_MATCH = YES;
				COPY_PHASE_STRIP = NO;
				DEBUG_INFORMATION_FORMAT = "dwarf-with-dsym";
				ENABLE_NS_ASSERTIONS = NO;
				ENABLE_STRICT_OBJC_MSGSEND = YES;
				ENABLE_USER_SCRIPT_SANDBOXING = YES;
				GCC_C_LANGUAGE_STANDARD = gnu17;
				GCC_NO_COMMON_BLOCKS = YES;
				GCC_WARN_64_TO_32_BIT_CONVERSION = YES;
				GCC_WARN_ABOUT_RETURN_TYPE = YES_ERROR;
				GCC_WARN_UNDECLARED_SELECTOR = YES;
				GCC_WARN_UNINITIALIZED_AUTOS = YES_AGGRESSIVE;
				GCC_WARN_UNUSED_FUNCTION = YES;
				GCC_WARN_UNUSED_VARIABLE = YES;
				IPHONEOS_DEPLOYMENT_TARGET = 17.4;
				LOCALIZATION_PREFERS_STRING_CATALOGS = YES;
				MTL_ENABLE_DEBUG_INFO = NO;
				MTL_FAST_MATH = YES;
				SDKROOT = iphoneos;
				SWIFT_COMPILATION_MODE = wholemodule;
				VALIDATE_PRODUCT = YES;
			};
			name = Release;
		};
		E8DA89E72C0815E100BB812B /* Debug */ = {
			isa = XCBuildConfiguration;
			buildSettings = {
				ASSETCATALOG_COMPILER_APPICON_NAME = AppIcon;
				ASSETCATALOG_COMPILER_GLOBAL_ACCENT_COLOR_NAME = AccentColor;
				CODE_SIGN_STYLE = Automatic;
				CURRENT_PROJECT_VERSION = 1;
				GENERATE_INFOPLIST_FILE = YES;
				INFOPLIST_FILE = Alert/Info.plist;
				INFOPLIST_KEY_UIApplicationSupportsIndirectInputEvents = YES;
				INFOPLIST_KEY_UILaunchStoryboardName = LaunchScreen;
				INFOPLIST_KEY_UIMainStoryboardFile = Main;
				INFOPLIST_KEY_UISupportedInterfaceOrientations_iPad = "UIInterfaceOrientationPortrait UIInterfaceOrientationPortraitUpsideDown UIInterfaceOrientationLandscapeLeft UIInterfaceOrientationLandscapeRight";
				INFOPLIST_KEY_UISupportedInterfaceOrientations_iPhone = "UIInterfaceOrientationPortrait UIInterfaceOrientationLandscapeLeft UIInterfaceOrientationLandscapeRight";
				LD_RUNPATH_SEARCH_PATHS = (
					"$(inherited)",
					"@executable_path/Frameworks",
				);
				MARKETING_VERSION = 1.0;
				PRODUCT_BUNDLE_IDENTIFIER = com.yejincompany.Alert;
				PRODUCT_NAME = "$(TARGET_NAME)";
				SWIFT_EMIT_LOC_STRINGS = YES;
				SWIFT_VERSION = 5.0;
				TARGETED_DEVICE_FAMILY = "1,2";
			};
			name = Debug;
		};
		E8DA89E82C0815E100BB812B /* Release */ = {
			isa = XCBuildConfiguration;
			buildSettings = {
				ASSETCATALOG_COMPILER_APPICON_NAME = AppIcon;
				ASSETCATALOG_COMPILER_GLOBAL_ACCENT_COLOR_NAME = AccentColor;
				CODE_SIGN_STYLE = Automatic;
				CURRENT_PROJECT_VERSION = 1;
				GENERATE_INFOPLIST_FILE = YES;
				INFOPLIST_FILE = Alert/Info.plist;
				INFOPLIST_KEY_UIApplicationSupportsIndirectInputEvents = YES;
				INFOPLIST_KEY_UILaunchStoryboardName = LaunchScreen;
				INFOPLIST_KEY_UIMainStoryboardFile = Main;
				INFOPLIST_KEY_UISupportedInterfaceOrientations_iPad = "UIInterfaceOrientationPortrait UIInterfaceOrientationPortraitUpsideDown UIInterfaceOrientationLandscapeLeft UIInterfaceOrientationLandscapeRight";
				INFOPLIST_KEY_UISupportedInterfaceOrientations_iPhone = "UIInterfaceOrientationPortrait UIInterfaceOrientationLandscapeLeft UIInterfaceOrientationLandscapeRight";
				LD_RUNPATH_SEARCH_PATHS = (
					"$(inherited)",
					"@executable_path/Frameworks",
				);
				MARKETING_VERSION = 1.0;
				PRODUCT_BUNDLE_IDENTIFIER = com.yejincompany.Alert;
				PRODUCT_NAME = "$(TARGET_NAME)";
				SWIFT_EMIT_LOC_STRINGS = YES;
				SWIFT_VERSION = 5.0;
				TARGETED_DEVICE_FAMILY = "1,2";
			};
			name = Release;
		};
		E8DA89EA2C0815E100BB812B /* Debug */ = {
			isa = XCBuildConfiguration;
			buildSettings = {
				ALWAYS_EMBED_SWIFT_STANDARD_LIBRARIES = YES;
				BUNDLE_LOADER = "$(TEST_HOST)";
				CODE_SIGN_STYLE = Automatic;
				CURRENT_PROJECT_VERSION = 1;
				GENERATE_INFOPLIST_FILE = YES;
				IPHONEOS_DEPLOYMENT_TARGET = 17.4;
				MARKETING_VERSION = 1.0;
				PRODUCT_BUNDLE_IDENTIFIER = com.yejincompany.AlertTests;
				PRODUCT_NAME = "$(TARGET_NAME)";
				SWIFT_EMIT_LOC_STRINGS = NO;
				SWIFT_VERSION = 5.0;
				TARGETED_DEVICE_FAMILY = "1,2";
				TEST_HOST = "$(BUILT_PRODUCTS_DIR)/Alert.app/$(BUNDLE_EXECUTABLE_FOLDER_PATH)/Alert";
			};
			name = Debug;
		};
		E8DA89EB2C0815E100BB812B /* Release */ = {
			isa = XCBuildConfiguration;
			buildSettings = {
				ALWAYS_EMBED_SWIFT_STANDARD_LIBRARIES = YES;
				BUNDLE_LOADER = "$(TEST_HOST)";
				CODE_SIGN_STYLE = Automatic;
				CURRENT_PROJECT_VERSION = 1;
				GENERATE_INFOPLIST_FILE = YES;
				IPHONEOS_DEPLOYMENT_TARGET = 17.4;
				MARKETING_VERSION = 1.0;
				PRODUCT_BUNDLE_IDENTIFIER = com.yejincompany.AlertTests;
				PRODUCT_NAME = "$(TARGET_NAME)";
				SWIFT_EMIT_LOC_STRINGS = NO;
				SWIFT_VERSION = 5.0;
				TARGETED_DEVICE_FAMILY = "1,2";
				TEST_HOST = "$(BUILT_PRODUCTS_DIR)/Alert.app/$(BUNDLE_EXECUTABLE_FOLDER_PATH)/Alert";
			};
			name = Release;
		};
		E8DA89ED2C0815E100BB812B /* Debug */ = {
			isa = XCBuildConfiguration;
			buildSettings = {
				ALWAYS_EMBED_SWIFT_STANDARD_LIBRARIES = YES;
				CODE_SIGN_STYLE = Automatic;
				CURRENT_PROJECT_VERSION = 1;
				GENERATE_INFOPLIST_FILE = YES;
				MARKETING_VERSION = 1.0;
				PRODUCT_BUNDLE_IDENTIFIER = com.yejincompany.AlertUITests;
				PRODUCT_NAME = "$(TARGET_NAME)";
				SWIFT_EMIT_LOC_STRINGS = NO;
				SWIFT_VERSION = 5.0;
				TARGETED_DEVICE_FAMILY = "1,2";
				TEST_TARGET_NAME = Alert;
			};
			name = Debug;
		};
		E8DA89EE2C0815E100BB812B /* Release */ = {
			isa = XCBuildConfiguration;
			buildSettings = {
				ALWAYS_EMBED_SWIFT_STANDARD_LIBRARIES = YES;
				CODE_SIGN_STYLE = Automatic;
				CURRENT_PROJECT_VERSION = 1;
				GENERATE_INFOPLIST_FILE = YES;
				MARKETING_VERSION = 1.0;
				PRODUCT_BUNDLE_IDENTIFIER = com.yejincompany.AlertUITests;
				PRODUCT_NAME = "$(TARGET_NAME)";
				SWIFT_EMIT_LOC_STRINGS = NO;
				SWIFT_VERSION = 5.0;
				TARGETED_DEVICE_FAMILY = "1,2";
				TEST_TARGET_NAME = Alert;
			};
			name = Release;
		};
/* End XCBuildConfiguration section */

/* Begin XCConfigurationList section */
		E8DA89B72C0815DF00BB812B /* Build configuration list for PBXProject "Alert" */ = {
			isa = XCConfigurationList;
			buildConfigurations = (
				E8DA89E42C0815E100BB812B /* Debug */,
				E8DA89E52C0815E100BB812B /* Release */,
			);
			defaultConfigurationIsVisible = 0;
			defaultConfigurationName = Release;
		};
		E8DA89E62C0815E100BB812B /* Build configuration list for PBXNativeTarget "Alert" */ = {
			isa = XCConfigurationList;
			buildConfigurations = (
				E8DA89E72C0815E100BB812B /* Debug */,
				E8DA89E82C0815E100BB812B /* Release */,
			);
			defaultConfigurationIsVisible = 0;
			defaultConfigurationName = Release;
		};
		E8DA89E92C0815E100BB812B /* Build configuration list for PBXNativeTarget "AlertTests" */ = {
			isa = XCConfigurationList;
			buildConfigurations = (
				E8DA89EA2C0815E100BB812B /* Debug */,
				E8DA89EB2C0815E100BB812B /* Release */,
			);
			defaultConfigurationIsVisible = 0;
			defaultConfigurationName = Release;
		};
		E8DA89EC2C0815E100BB812B /* Build configuration list for PBXNativeTarget "AlertUITests" */ = {
			isa = XCConfigurationList;
			buildConfigurations = (
				E8DA89ED2C0815E100BB812B /* Debug */,
				E8DA89EE2C0815E100BB812B /* Release */,
			);
			defaultConfigurationIsVisible = 0;
			defaultConfigurationName = Release;
		};
/* End XCConfigurationList section */
	};
	rootObject = E8DA89B42C0815DF00BB812B /* Project object */;
}
